// !$*UTF8*$!
{
	archiveVersion = 1;
	classes = {
	};
	objectVersion = 46;
	objects = {

/* Begin PBXBuildFile section */
		6358205B1BD9495900BB86D4 /* AppDelegate.swift in Sources */ = {isa = PBXBuildFile; fileRef = 6358205A1BD9495900BB86D4 /* AppDelegate.swift */; };
		635820601BD9495900BB86D4 /* Main.storyboard in Resources */ = {isa = PBXBuildFile; fileRef = 6358205E1BD9495900BB86D4 /* Main.storyboard */; };
		635820621BD9495900BB86D4 /* Assets.xcassets in Resources */ = {isa = PBXBuildFile; fileRef = 635820611BD9495900BB86D4 /* Assets.xcassets */; };
		635820651BD9495900BB86D4 /* LaunchScreen.storyboard in Resources */ = {isa = PBXBuildFile; fileRef = 635820631BD9495900BB86D4 /* LaunchScreen.storyboard */; };
		6358206D1BD949C100BB86D4 /* CalcTableViewController.swift in Sources */ = {isa = PBXBuildFile; fileRef = 6358206C1BD949C100BB86D4 /* CalcTableViewController.swift */; settings = {ASSET_TAGS = (); }; };
		6358206F1BD949ED00BB86D4 /* ElecPopoverTableViewController.swift in Sources */ = {isa = PBXBuildFile; fileRef = 6358206E1BD949ED00BB86D4 /* ElecPopoverTableViewController.swift */; settings = {ASSET_TAGS = (); }; };
		635820721BD95BC500BB86D4 /* CalculatorBrainerino.swift in Sources */ = {isa = PBXBuildFile; fileRef = 635820711BD95BC500BB86D4 /* CalculatorBrainerino.swift */; settings = {ASSET_TAGS = (); }; };
		635820761BD95CB400BB86D4 /* CalcCell.swift in Sources */ = {isa = PBXBuildFile; fileRef = 635820751BD95CB400BB86D4 /* CalcCell.swift */; settings = {ASSET_TAGS = (); }; };
/* End PBXBuildFile section */

/* Begin PBXFileReference section */
		635820571BD9495900BB86D4 /* High-Voltage.app */ = {isa = PBXFileReference; explicitFileType = wrapper.application; includeInIndex = 0; path = "High-Voltage.app"; sourceTree = BUILT_PRODUCTS_DIR; };
		6358205A1BD9495900BB86D4 /* AppDelegate.swift */ = {isa = PBXFileReference; lastKnownFileType = sourcecode.swift; path = AppDelegate.swift; sourceTree = "<group>"; };
		6358205F1BD9495900BB86D4 /* Base */ = {isa = PBXFileReference; lastKnownFileType = file.storyboard; name = Base; path = Base.lproj/Main.storyboard; sourceTree = "<group>"; };
		635820611BD9495900BB86D4 /* Assets.xcassets */ = {isa = PBXFileReference; lastKnownFileType = folder.assetcatalog; path = Assets.xcassets; sourceTree = "<group>"; };
		635820641BD9495900BB86D4 /* Base */ = {isa = PBXFileReference; lastKnownFileType = file.storyboard; name = Base; path = Base.lproj/LaunchScreen.storyboard; sourceTree = "<group>"; };
		635820661BD9495900BB86D4 /* Info.plist */ = {isa = PBXFileReference; lastKnownFileType = text.plist.xml; path = Info.plist; sourceTree = "<group>"; };
		6358206C1BD949C100BB86D4 /* CalcTableViewController.swift */ = {isa = PBXFileReference; fileEncoding = 4; lastKnownFileType = sourcecode.swift; path = CalcTableViewController.swift; sourceTree = "<group>"; };
		6358206E1BD949ED00BB86D4 /* ElecPopoverTableViewController.swift */ = {isa = PBXFileReference; fileEncoding = 4; lastKnownFileType = sourcecode.swift; path = ElecPopoverTableViewController.swift; sourceTree = "<group>"; };
		635820711BD95BC500BB86D4 /* CalculatorBrainerino.swift */ = {isa = PBXFileReference; fileEncoding = 4; lastKnownFileType = sourcecode.swift; path = CalculatorBrainerino.swift; sourceTree = "<group>"; };
		635820751BD95CB400BB86D4 /* CalcCell.swift */ = {isa = PBXFileReference; fileEncoding = 4; lastKnownFileType = sourcecode.swift; name = CalcCell.swift; path = ../CalcCell.swift; sourceTree = "<group>"; };
		635820771BD95DE700BB86D4 /* digital-7.ttf */ = {isa = PBXFileReference; lastKnownFileType = file; path = "digital-7.ttf"; sourceTree = "<group>"; };
/* End PBXFileReference section */

/* Begin PBXFrameworksBuildPhase section */
		635820541BD9495900BB86D4 /* Frameworks */ = {
			isa = PBXFrameworksBuildPhase;
			buildActionMask = 2147483647;
			files = (
			);
			runOnlyForDeploymentPostprocessing = 0;
		};
/* End PBXFrameworksBuildPhase section */

/* Begin PBXGroup section */
		6358204E1BD9495900BB86D4 = {
			isa = PBXGroup;
			children = (
				635820591BD9495900BB86D4 /* High-Voltage */,
				635820581BD9495900BB86D4 /* Products */,
			);
			sourceTree = "<group>";
		};
		635820581BD9495900BB86D4 /* Products */ = {
			isa = PBXGroup;
			children = (
				635820571BD9495900BB86D4 /* High-Voltage.app */,
			);
			name = Products;
			sourceTree = "<group>";
		};
		635820591BD9495900BB86D4 /* High-Voltage */ = {
			isa = PBXGroup;
			children = (
				6358205E1BD9495900BB86D4 /* Main.storyboard */,
				6358206C1BD949C100BB86D4 /* CalcTableViewController.swift */,
				6358206E1BD949ED00BB86D4 /* ElecPopoverTableViewController.swift */,
				635820711BD95BC500BB86D4 /* CalculatorBrainerino.swift */,
				635820751BD95CB400BB86D4 /* CalcCell.swift */,
				635820701BD94A1500BB86D4 /* other-stuff */,
			);
			path = "High-Voltage";
			sourceTree = "<group>";
		};
		635820701BD94A1500BB86D4 /* other-stuff */ = {
			isa = PBXGroup;
			children = (
				6358205A1BD9495900BB86D4 /* AppDelegate.swift */,
				635820771BD95DE700BB86D4 /* digital-7.ttf */,
				635820611BD9495900BB86D4 /* Assets.xcassets */,
				635820631BD9495900BB86D4 /* LaunchScreen.storyboard */,
				635820661BD9495900BB86D4 /* Info.plist */,
			);
			name = "other-stuff";
			sourceTree = "<group>";
		};
/* End PBXGroup section */

/* Begin PBXNativeTarget section */
		635820561BD9495900BB86D4 /* High-Voltage */ = {
			isa = PBXNativeTarget;
			buildConfigurationList = 635820691BD9495900BB86D4 /* Build configuration list for PBXNativeTarget "High-Voltage" */;
			buildPhases = (
				635820531BD9495900BB86D4 /* Sources */,
				635820541BD9495900BB86D4 /* Frameworks */,
				635820551BD9495900BB86D4 /* Resources */,
			);
			buildRules = (
			);
			dependencies = (
			);
			name = "High-Voltage";
			productName = "High-Voltage";
			productReference = 635820571BD9495900BB86D4 /* High-Voltage.app */;
			productType = "com.apple.product-type.application";
		};
/* End PBXNativeTarget section */

/* Begin PBXProject section */
		6358204F1BD9495900BB86D4 /* Project object */ = {
			isa = PBXProject;
			attributes = {
				LastUpgradeCheck = 0700;
				ORGANIZATIONNAME = "The Iron Yard";
				TargetAttributes = {
					635820561BD9495900BB86D4 = {
						CreatedOnToolsVersion = 7.0.1;
						DevelopmentTeam = 95P55J7Q5M;
					};
				};
			};
			buildConfigurationList = 635820521BD9495900BB86D4 /* Build configuration list for PBXProject "High-Voltage" */;
			compatibilityVersion = "Xcode 3.2";
			developmentRegion = English;
			hasScannedForEncodings = 0;
			knownRegions = (
				en,
				Base,
			);
			mainGroup = 6358204E1BD9495900BB86D4;
			productRefGroup = 635820581BD9495900BB86D4 /* Products */;
			projectDirPath = "";
			projectRoot = "";
			targets = (
				635820561BD9495900BB86D4 /* High-Voltage */,
			);
		};
/* End PBXProject section */

/* Begin PBXResourcesBuildPhase section */
		635820551BD9495900BB86D4 /* Resources */ = {
			isa = PBXResourcesBuildPhase;
			buildActionMask = 2147483647;
			files = (
				635820651BD9495900BB86D4 /* LaunchScreen.storyboard in Resources */,
				635820621BD9495900BB86D4 /* Assets.xcassets in Resources */,
				635820601BD9495900BB86D4 /* Main.storyboard in Resources */,
			);
			runOnlyForDeploymentPostprocessing = 0;
		};
/* End PBXResourcesBuildPhase section */

/* Begin PBXSourcesBuildPhase section */
		635820531BD9495900BB86D4 /* Sources */ = {
			isa = PBXSourcesBuildPhase;
			buildActionMask = 2147483647;
			files = (
				635820721BD95BC500BB86D4 /* CalculatorBrainerino.swift in Sources */,
				6358206D1BD949C100BB86D4 /* CalcTableViewController.swift in Sources */,
				6358206F1BD949ED00BB86D4 /* ElecPopoverTableViewController.swift in Sources */,
				6358205B1BD9495900BB86D4 /* AppDelegate.swift in Sources */,
				635820761BD95CB400BB86D4 /* CalcCell.swift in Sources */,
			);
			runOnlyForDeploymentPostprocessing = 0;
		};
/* End PBXSourcesBuildPhase section */

/* Begin PBXVariantGroup section */
		6358205E1BD9495900BB86D4 /* Main.storyboard */ = {
			isa = PBXVariantGroup;
			children = (
				6358205F1BD9495900BB86D4 /* Base */,
			);
			name = Main.storyboard;
			sourceTree = "<group>";
		};
		635820631BD9495900BB86D4 /* LaunchScreen.storyboard */ = {
			isa = PBXVariantGroup;
			children = (
				635820641BD9495900BB86D4 /* Base */,
			);
			name = LaunchScreen.storyboard;
			sourceTree = "<group>";
		};
/* End PBXVariantGroup section */

/* Begin XCBuildConfiguration section */
		635820671BD9495900BB86D4 /* Debug */ = {
			isa = XCBuildConfiguration;
			buildSettings = {
				ALWAYS_SEARCH_USER_PATHS = NO;
				CLANG_CXX_LANGUAGE_STANDARD = "gnu++0x";
				CLANG_CXX_LIBRARY = "libc++";
				CLANG_ENABLE_MODULES = YES;
				CLANG_ENABLE_OBJC_ARC = YES;
				CLANG_WARN_BOOL_CONVERSION = YES;
				CLANG_WARN_CONSTANT_CONVERSION = YES;
				CLANG_WARN_DIRECT_OBJC_ISA_USAGE = YES_ERROR;
				CLANG_WARN_EMPTY_BODY = YES;
				CLANG_WARN_ENUM_CONVERSION = YES;
				CLANG_WARN_INT_CONVERSION = YES;
				CLANG_WARN_OBJC_ROOT_CLASS = YES_ERROR;
				CLANG_WARN_UNREACHABLE_CODE = YES;
				CLANG_WARN__DUPLICATE_METHOD_MATCH = YES;
				"CODE_SIGN_IDENTITY[sdk=iphoneos*]" = "iPhone Developer";
				COPY_PHASE_STRIP = NO;
				DEBUG_INFORMATION_FORMAT = dwarf;
				ENABLE_STRICT_OBJC_MSGSEND = YES;
				ENABLE_TESTABILITY = YES;
				GCC_C_LANGUAGE_STANDARD = gnu99;
				GCC_DYNAMIC_NO_PIC = NO;
				GCC_NO_COMMON_BLOCKS = YES;
				GCC_OPTIMIZATION_LEVEL = 0;
				GCC_PREPROCESSOR_DEFINITIONS = (
					"DEBUG=1",
					"$(inherited)",
				);
				GCC_WARN_64_TO_32_BIT_CONVERSION = YES;
				GCC_WARN_ABOUT_RETURN_TYPE = YES_ERROR;
				GCC_WARN_UNDECLARED_SELECTOR = YES;
				GCC_WARN_UNINITIALIZED_AUTOS = YES_AGGRESSIVE;
				GCC_WARN_UNUSED_FUNCTION = YES;
				GCC_WARN_UNUSED_VARIABLE = YES;
				IPHONEOS_DEPLOYMENT_TARGET = 9.0;
				MTL_ENABLE_DEBUG_INFO = YES;
				ONLY_ACTIVE_ARCH = YES;
				SDKROOT = iphoneos;
				SWIFT_OPTIMIZATION_LEVEL = "-Onone";
				TARGETED_DEVICE_FAMILY = "1,2";
			};
			name = Debug;
		};
		635820681BD9495900BB86D4 /* Release */ = {
			isa = XCBuildConfiguration;
			buildSettings = {
				ALWAYS_SEARCH_USER_PATHS = NO;
				CLANG_CXX_LANGUAGE_STANDARD = "gnu++0x";
				CLANG_CXX_LIBRARY = "libc++";
				CLANG_ENABLE_MODULES = YES;
				CLANG_ENABLE_OBJC_ARC = YES;
				CLANG_WARN_BOOL_CONVERSION = YES;
				CLANG_WARN_CONSTANT_CONVERSION = YES;
				CLANG_WARN_DIRECT_OBJC_ISA_USAGE = YES_ERROR;
				CLANG_WARN_EMPTY_BODY = YES;
				CLANG_WARN_ENUM_CONVERSION = YES;
				CLANG_WARN_INT_CONVERSION = YES;
				CLANG_WARN_OBJC_ROOT_CLASS = YES_ERROR;
				CLANG_WARN_UNREACHABLE_CODE = YES;
				CLANG_WARN__DUPLICATE_METHOD_MATCH = YES;
				"CODE_SIGN_IDENTITY[sdk=iphoneos*]" = "iPhone Developer";
				COPY_PHASE_STRIP = NO;
				DEBUG_INFORMATION_FORMAT = "dwarf-with-dsym";
				ENABLE_NS_ASSERTIONS = NO;
				ENABLE_STRICT_OBJC_MSGSEND = YES;
				GCC_C_LANGUAGE_STANDARD = gnu99;
				GCC_NO_COMMON_BLOCKS = YES;
				GCC_WARN_64_TO_32_BIT_CONVERSION = YES;
				GCC_WARN_ABOUT_RETURN_TYPE = YES_ERROR;
				GCC_WARN_UNDECLARED_SELECTOR = YES;
				GCC_WARN_UNINITIALIZED_AUTOS = YES_AGGRESSIVE;
				GCC_WARN_UNUSED_FUNCTION = YES;
				GCC_WARN_UNUSED_VARIABLE = YES;
				IPHONEOS_DEPLOYMENT_TARGET = 9.0;
				MTL_ENABLE_DEBUG_INFO = NO;
				SDKROOT = iphoneos;
				TARGETED_DEVICE_FAMILY = "1,2";
				VALIDATE_PRODUCT = YES;
			};
			name = Release;
		};
		6358206A1BD9495900BB86D4 /* Debug */ = {
			isa = XCBuildConfiguration;
			buildSettings = {
				ASSETCATALOG_COMPILER_APPICON_NAME = AppIcon;
				INFOPLIST_FILE = "High-Voltage/Info.plist";
				LD_RUNPATH_SEARCH_PATHS = "$(inherited) @executable_path/Frameworks";
				PRODUCT_BUNDLE_IDENTIFIER = "com.tiy.High-Voltage";
				PRODUCT_NAME = "$(TARGET_NAME)";
			};
			name = Debug;
		};
		6358206B1BD9495900BB86D4 /* Release */ = {
			isa = XCBuildConfiguration;
			buildSettings = {
				ASSETCATALOG_COMPILER_APPICON_NAME = AppIcon;
				INFOPLIST_FILE = "High-Voltage/Info.plist";
				LD_RUNPATH_SEARCH_PATHS = "$(inherited) @executable_path/Frameworks";
				PRODUCT_BUNDLE_IDENTIFIER = "com.tiy.High-Voltage";
				PRODUCT_NAME = "$(TARGET_NAME)";
			};
			name = Release;
		};
/* End XCBuildConfiguration section */

/* Begin XCConfigurationList section */
		635820521BD9495900BB86D4 /* Build configuration list for PBXProject "High-Voltage" */ = {
			isa = XCConfigurationList;
			buildConfigurations = (
				635820671BD9495900BB86D4 /* Debug */,
				635820681BD9495900BB86D4 /* Release */,
			);
			defaultConfigurationIsVisible = 0;
			defaultConfigurationName = Release;
		};
		635820691BD9495900BB86D4 /* Build configuration list for PBXNativeTarget "High-Voltage" */ = {
			isa = XCConfigurationList;
			buildConfigurations = (
				6358206A1BD9495900BB86D4 /* Debug */,
				6358206B1BD9495900BB86D4 /* Release */,
			);
			defaultConfigurationIsVisible = 0;
		};
/* End XCConfigurationList section */
	};
	rootObject = 6358204F1BD9495900BB86D4 /* Project object */;
}
